// !$*UTF8*$!
{
	archiveVersion = 1;
	classes = {
	};
	objectVersion = 55;
	objects = {

/* Begin PBXBuildFile section */
		E4522B212976CE3700AA9050 /* FBUser.swift in Sources */ = {isa = PBXBuildFile; fileRef = E4522B1D2976CE3400AA9050 /* FBUser.swift */; };
		E4522B222976CE3700AA9050 /* FBFireStore.swift in Sources */ = {isa = PBXBuildFile; fileRef = E4522B1E2976CE3500AA9050 /* FBFireStore.swift */; };
		E4522B232976CE3700AA9050 /* FBKeys.swift in Sources */ = {isa = PBXBuildFile; fileRef = E4522B1F2976CE3600AA9050 /* FBKeys.swift */; };
		E4522B242976CE3700AA9050 /* FBFireStoreError.swift in Sources */ = {isa = PBXBuildFile; fileRef = E4522B202976CE3700AA9050 /* FBFireStoreError.swift */; };
		E4522B272976CE6200AA9050 /* FBAuth.swift in Sources */ = {isa = PBXBuildFile; fileRef = E4522B252976CE6100AA9050 /* FBAuth.swift */; };
		E4522B282976CE6200AA9050 /* FBAuthError.swift in Sources */ = {isa = PBXBuildFile; fileRef = E4522B262976CE6200AA9050 /* FBAuthError.swift */; };
		E462CF2C297700DA00444212 /* FirebaseAnalytics in Frameworks */ = {isa = PBXBuildFile; productRef = E462CF2B297700DA00444212 /* FirebaseAnalytics */; };
		E462CF2E297700DA00444212 /* FirebaseAuth in Frameworks */ = {isa = PBXBuildFile; productRef = E462CF2D297700DA00444212 /* FirebaseAuth */; };
		E462CF30297700DA00444212 /* FirebaseFirestore in Frameworks */ = {isa = PBXBuildFile; productRef = E462CF2F297700DA00444212 /* FirebaseFirestore */; };
		E48B6B572976264C003A610A /* GoogleService-Info.plist in Resources */ = {isa = PBXBuildFile; fileRef = E48B6B562976264C003A610A /* GoogleService-Info.plist */; };
		E48BBCAC29634B7D00F78770 /* Firebase_LoginApp.swift in Sources */ = {isa = PBXBuildFile; fileRef = E48BBCAB29634B7D00F78770 /* Firebase_LoginApp.swift */; };
		E48BBCAE29634B7D00F78770 /* ContentView.swift in Sources */ = {isa = PBXBuildFile; fileRef = E48BBCAD29634B7D00F78770 /* ContentView.swift */; };
		E48BBCB029634B8000F78770 /* Assets.xcassets in Resources */ = {isa = PBXBuildFile; fileRef = E48BBCAF29634B8000F78770 /* Assets.xcassets */; };
		E48BBCB329634B8000F78770 /* Preview Assets.xcassets in Resources */ = {isa = PBXBuildFile; fileRef = E48BBCB229634B8000F78770 /* Preview Assets.xcassets */; };
		E48BBCBA29634C0E00F78770 /* UserInfo.swift in Sources */ = {isa = PBXBuildFile; fileRef = E48BBCB929634C0E00F78770 /* UserInfo.swift */; };
		E48BBCBC2963A35F00F78770 /* LoginView.swift in Sources */ = {isa = PBXBuildFile; fileRef = E48BBCBB2963A35F00F78770 /* LoginView.swift */; };
		E48BBCBE2963A3CE00F78770 /* HomeView.swift in Sources */ = {isa = PBXBuildFile; fileRef = E48BBCBD2963A3CE00F78770 /* HomeView.swift */; };
		E48BBCC22963CAA800F78770 /* UserViewModel.swift in Sources */ = {isa = PBXBuildFile; fileRef = E48BBCC12963CAA800F78770 /* UserViewModel.swift */; };
		E48BBCC82963CE3100F78770 /* ForgotPasswordView.swift in Sources */ = {isa = PBXBuildFile; fileRef = E48BBCC72963CE3100F78770 /* ForgotPasswordView.swift */; };
		E48BBCCA2963CE4200F78770 /* SignInWithEmailView.swift in Sources */ = {isa = PBXBuildFile; fileRef = E48BBCC92963CE4200F78770 /* SignInWithEmailView.swift */; };
		E48BBCCC2963CE4D00F78770 /* SignUpView.swift in Sources */ = {isa = PBXBuildFile; fileRef = E48BBCCB2963CE4D00F78770 /* SignUpView.swift */; };
		E493CEAA2981E092001AD115 /* SignInWithAppleButtonView.swift in Sources */ = {isa = PBXBuildFile; fileRef = E493CEA92981E092001AD115 /* SignInWithAppleButtonView.swift */; };
/* End PBXBuildFile section */

/* Begin PBXFileReference section */
		E4522B1D2976CE3400AA9050 /* FBUser.swift */ = {isa = PBXFileReference; fileEncoding = 4; lastKnownFileType = sourcecode.swift; path = FBUser.swift; sourceTree = "<group>"; };
		E4522B1E2976CE3500AA9050 /* FBFireStore.swift */ = {isa = PBXFileReference; fileEncoding = 4; lastKnownFileType = sourcecode.swift; path = FBFireStore.swift; sourceTree = "<group>"; };
		E4522B1F2976CE3600AA9050 /* FBKeys.swift */ = {isa = PBXFileReference; fileEncoding = 4; lastKnownFileType = sourcecode.swift; path = FBKeys.swift; sourceTree = "<group>"; };
		E4522B202976CE3700AA9050 /* FBFireStoreError.swift */ = {isa = PBXFileReference; fileEncoding = 4; lastKnownFileType = sourcecode.swift; path = FBFireStoreError.swift; sourceTree = "<group>"; };
		E4522B252976CE6100AA9050 /* FBAuth.swift */ = {isa = PBXFileReference; fileEncoding = 4; lastKnownFileType = sourcecode.swift; path = FBAuth.swift; sourceTree = "<group>"; };
		E4522B262976CE6200AA9050 /* FBAuthError.swift */ = {isa = PBXFileReference; fileEncoding = 4; lastKnownFileType = sourcecode.swift; path = FBAuthError.swift; sourceTree = "<group>"; };
		E48B6B562976264C003A610A /* GoogleService-Info.plist */ = {isa = PBXFileReference; fileEncoding = 4; lastKnownFileType = text.plist.xml; path = "GoogleService-Info.plist"; sourceTree = "<group>"; };
		E48BBCA829634B7D00F78770 /* Firebase Login.app */ = {isa = PBXFileReference; explicitFileType = wrapper.application; includeInIndex = 0; path = "Firebase Login.app"; sourceTree = BUILT_PRODUCTS_DIR; };
		E48BBCAB29634B7D00F78770 /* Firebase_LoginApp.swift */ = {isa = PBXFileReference; lastKnownFileType = sourcecode.swift; path = Firebase_LoginApp.swift; sourceTree = "<group>"; };
		E48BBCAD29634B7D00F78770 /* ContentView.swift */ = {isa = PBXFileReference; lastKnownFileType = sourcecode.swift; path = ContentView.swift; sourceTree = "<group>"; };
		E48BBCAF29634B8000F78770 /* Assets.xcassets */ = {isa = PBXFileReference; lastKnownFileType = folder.assetcatalog; path = Assets.xcassets; sourceTree = "<group>"; };
		E48BBCB229634B8000F78770 /* Preview Assets.xcassets */ = {isa = PBXFileReference; lastKnownFileType = folder.assetcatalog; path = "Preview Assets.xcassets"; sourceTree = "<group>"; };
		E48BBCB929634C0E00F78770 /* UserInfo.swift */ = {isa = PBXFileReference; lastKnownFileType = sourcecode.swift; path = UserInfo.swift; sourceTree = "<group>"; };
		E48BBCBB2963A35F00F78770 /* LoginView.swift */ = {isa = PBXFileReference; lastKnownFileType = sourcecode.swift; path = LoginView.swift; sourceTree = "<group>"; };
		E48BBCBD2963A3CE00F78770 /* HomeView.swift */ = {isa = PBXFileReference; lastKnownFileType = sourcecode.swift; path = HomeView.swift; sourceTree = "<group>"; };
		E48BBCC12963CAA800F78770 /* UserViewModel.swift */ = {isa = PBXFileReference; lastKnownFileType = sourcecode.swift; path = UserViewModel.swift; sourceTree = "<group>"; };
		E48BBCC72963CE3100F78770 /* ForgotPasswordView.swift */ = {isa = PBXFileReference; lastKnownFileType = sourcecode.swift; path = ForgotPasswordView.swift; sourceTree = "<group>"; };
		E48BBCC92963CE4200F78770 /* SignInWithEmailView.swift */ = {isa = PBXFileReference; lastKnownFileType = sourcecode.swift; path = SignInWithEmailView.swift; sourceTree = "<group>"; };
		E48BBCCB2963CE4D00F78770 /* SignUpView.swift */ = {isa = PBXFileReference; lastKnownFileType = sourcecode.swift; path = SignUpView.swift; sourceTree = "<group>"; };
		E493CEA92981E092001AD115 /* SignInWithAppleButtonView.swift */ = {isa = PBXFileReference; lastKnownFileType = sourcecode.swift; path = SignInWithAppleButtonView.swift; sourceTree = "<group>"; };
/* End PBXFileReference section */

/* Begin PBXFrameworksBuildPhase section */
		E48BBCA529634B7D00F78770 /* Frameworks */ = {
			isa = PBXFrameworksBuildPhase;
			buildActionMask = 2147483647;
			files = (
				E462CF2C297700DA00444212 /* FirebaseAnalytics in Frameworks */,
				E462CF2E297700DA00444212 /* FirebaseAuth in Frameworks */,
				E462CF30297700DA00444212 /* FirebaseFirestore in Frameworks */,
			);
			runOnlyForDeploymentPostprocessing = 0;
		};
/* End PBXFrameworksBuildPhase section */

/* Begin PBXGroup section */
		E48BBC9F29634B7D00F78770 = {
			isa = PBXGroup;
			children = (
				E48BBCAA29634B7D00F78770 /* Firebase Login */,
				E48BBCA929634B7D00F78770 /* Products */,
			);
			sourceTree = "<group>";
		};
		E48BBCA929634B7D00F78770 /* Products */ = {
			isa = PBXGroup;
			children = (
				E48BBCA829634B7D00F78770 /* Firebase Login.app */,
			);
			name = Products;
			sourceTree = "<group>";
		};
		E48BBCAA29634B7D00F78770 /* Firebase Login */ = {
			isa = PBXGroup;
			children = (
				E48B6B562976264C003A610A /* GoogleService-Info.plist */,
				E48BBCC32963CDCE00F78770 /* Firebase */,
				E48BBCAB29634B7D00F78770 /* Firebase_LoginApp.swift */,
				E48BBCAD29634B7D00F78770 /* ContentView.swift */,
				E48BBCBD2963A3CE00F78770 /* HomeView.swift */,
				E48BBCAF29634B8000F78770 /* Assets.xcassets */,
				E48BBCB129634B8000F78770 /* Preview Content */,
			);
			path = "Firebase Login";
			sourceTree = "<group>";
		};
		E48BBCB129634B8000F78770 /* Preview Content */ = {
			isa = PBXGroup;
			children = (
				E48BBCB229634B8000F78770 /* Preview Assets.xcassets */,
			);
			path = "Preview Content";
			sourceTree = "<group>";
		};
		E48BBCC32963CDCE00F78770 /* Firebase */ = {
			isa = PBXGroup;
			children = (
				E48BBCC42963CDD300F78770 /* Views */,
				E48BBCC52963CDD900F78770 /* Firestore */,
				E48BBCC62963CDE000F78770 /* Auth */,
			);
			path = Firebase;
			sourceTree = "<group>";
		};
		E48BBCC42963CDD300F78770 /* Views */ = {
			isa = PBXGroup;
			children = (
				E48BBCBB2963A35F00F78770 /* LoginView.swift */,
				E48BBCC72963CE3100F78770 /* ForgotPasswordView.swift */,
				E48BBCC92963CE4200F78770 /* SignInWithEmailView.swift */,
				E48BBCCB2963CE4D00F78770 /* SignUpView.swift */,
				E493CEA92981E092001AD115 /* SignInWithAppleButtonView.swift */,
			);
			path = Views;
			sourceTree = "<group>";
		};
		E48BBCC52963CDD900F78770 /* Firestore */ = {
			isa = PBXGroup;
			children = (
				E4522B1E2976CE3500AA9050 /* FBFireStore.swift */,
				E4522B202976CE3700AA9050 /* FBFireStoreError.swift */,
				E4522B1F2976CE3600AA9050 /* FBKeys.swift */,
				E4522B1D2976CE3400AA9050 /* FBUser.swift */,
			);
			path = Firestore;
			sourceTree = "<group>";
		};
		E48BBCC62963CDE000F78770 /* Auth */ = {
			isa = PBXGroup;
			children = (
				E4522B252976CE6100AA9050 /* FBAuth.swift */,
				E4522B262976CE6200AA9050 /* FBAuthError.swift */,
				E48BBCB929634C0E00F78770 /* UserInfo.swift */,
				E48BBCC12963CAA800F78770 /* UserViewModel.swift */,
			);
			path = Auth;
			sourceTree = "<group>";
		};
/* End PBXGroup section */

/* Begin PBXNativeTarget section */
		E48BBCA729634B7D00F78770 /* Firebase Login */ = {
			isa = PBXNativeTarget;
			buildConfigurationList = E48BBCB629634B8000F78770 /* Build configuration list for PBXNativeTarget "Firebase Login" */;
			buildPhases = (
				E48BBCA429634B7D00F78770 /* Sources */,
				E48BBCA529634B7D00F78770 /* Frameworks */,
				E48BBCA629634B7D00F78770 /* Resources */,
			);
			buildRules = (
			);
			dependencies = (
			);
			name = "Firebase Login";
			packageProductDependencies = (
				E462CF2B297700DA00444212 /* FirebaseAnalytics */,
				E462CF2D297700DA00444212 /* FirebaseAuth */,
				E462CF2F297700DA00444212 /* FirebaseFirestore */,
			);
			productName = "Firebase Login";
			productReference = E48BBCA829634B7D00F78770 /* Firebase Login.app */;
			productType = "com.apple.product-type.application";
		};
/* End PBXNativeTarget section */

/* Begin PBXProject section */
		E48BBCA029634B7D00F78770 /* Project object */ = {
			isa = PBXProject;
			attributes = {
				BuildIndependentTargetsInParallel = 1;
				LastSwiftUpdateCheck = 1420;
				LastUpgradeCheck = 1420;
				TargetAttributes = {
					E48BBCA729634B7D00F78770 = {
						CreatedOnToolsVersion = 14.2;
					};
				};
			};
			buildConfigurationList = E48BBCA329634B7D00F78770 /* Build configuration list for PBXProject "Firebase Login" */;
			compatibilityVersion = "Xcode 13.0";
			developmentRegion = en;
			hasScannedForEncodings = 0;
			knownRegions = (
				en,
				Base,
			);
			mainGroup = E48BBC9F29634B7D00F78770;
			packageReferences = (
				E462CF2A297700DA00444212 /* XCRemoteSwiftPackageReference "firebase-ios-sdk" */,
			);
			productRefGroup = E48BBCA929634B7D00F78770 /* Products */;
			projectDirPath = "";
			projectRoot = "";
			targets = (
				E48BBCA729634B7D00F78770 /* Firebase Login */,
			);
		};
/* End PBXProject section */

/* Begin PBXResourcesBuildPhase section */
		E48BBCA629634B7D00F78770 /* Resources */ = {
			isa = PBXResourcesBuildPhase;
			buildActionMask = 2147483647;
			files = (
				E48BBCB329634B8000F78770 /* Preview Assets.xcassets in Resources */,
				E48BBCB029634B8000F78770 /* Assets.xcassets in Resources */,
				E48B6B572976264C003A610A /* GoogleService-Info.plist in Resources */,
			);
			runOnlyForDeploymentPostprocessing = 0;
		};
/* End PBXResourcesBuildPhase section */

/* Begin PBXSourcesBuildPhase section */
		E48BBCA429634B7D00F78770 /* Sources */ = {
			isa = PBXSourcesBuildPhase;
			buildActionMask = 2147483647;
			files = (
				E4522B282976CE6200AA9050 /* FBAuthError.swift in Sources */,
				E4522B242976CE3700AA9050 /* FBFireStoreError.swift in Sources */,
				E493CEAA2981E092001AD115 /* SignInWithAppleButtonView.swift in Sources */,
				E48BBCAE29634B7D00F78770 /* ContentView.swift in Sources */,
				E48BBCC82963CE3100F78770 /* ForgotPasswordView.swift in Sources */,
				E4522B222976CE3700AA9050 /* FBFireStore.swift in Sources */,
				E4522B212976CE3700AA9050 /* FBUser.swift in Sources */,
				E48BBCC22963CAA800F78770 /* UserViewModel.swift in Sources */,
				E48BBCCA2963CE4200F78770 /* SignInWithEmailView.swift in Sources */,
				E48BBCBA29634C0E00F78770 /* UserInfo.swift in Sources */,
				E48BBCBC2963A35F00F78770 /* LoginView.swift in Sources */,
				E48BBCBE2963A3CE00F78770 /* HomeView.swift in Sources */,
				E48BBCCC2963CE4D00F78770 /* SignUpView.swift in Sources */,
				E4522B272976CE6200AA9050 /* FBAuth.swift in Sources */,
				E48BBCAC29634B7D00F78770 /* Firebase_LoginApp.swift in Sources */,
				E4522B232976CE3700AA9050 /* FBKeys.swift in Sources */,
			);
			runOnlyForDeploymentPostprocessing = 0;
		};
/* End PBXSourcesBuildPhase section */

/* Begin XCBuildConfiguration section */
		E48BBCB429634B8000F78770 /* Debug */ = {
			isa = XCBuildConfiguration;
			buildSettings = {
				ALWAYS_SEARCH_USER_PATHS = NO;
				CLANG_ANALYZER_NONNULL = YES;
				CLANG_ANALYZER_NUMBER_OBJECT_CONVERSION = YES_AGGRESSIVE;
				CLANG_CXX_LANGUAGE_STANDARD = "gnu++20";
				CLANG_ENABLE_MODULES = YES;
				CLANG_ENABLE_OBJC_ARC = YES;
				CLANG_ENABLE_OBJC_WEAK = YES;
				CLANG_WARN_BLOCK_CAPTURE_AUTORELEASING = YES;
				CLANG_WARN_BOOL_CONVERSION = YES;
				CLANG_WARN_COMMA = YES;
				CLANG_WARN_CONSTANT_CONVERSION = YES;
				CLANG_WARN_DEPRECATED_OBJC_IMPLEMENTATIONS = YES;
				CLANG_WARN_DIRECT_OBJC_ISA_USAGE = YES_ERROR;
				CLANG_WARN_DOCUMENTATION_COMMENTS = YES;
				CLANG_WARN_EMPTY_BODY = YES;
				CLANG_WARN_ENUM_CONVERSION = YES;
				CLANG_WARN_INFINITE_RECURSION = YES;
				CLANG_WARN_INT_CONVERSION = YES;
				CLANG_WARN_NON_LITERAL_NULL_CONVERSION = YES;
				CLANG_WARN_OBJC_IMPLICIT_RETAIN_SELF = YES;
				CLANG_WARN_OBJC_LITERAL_CONVERSION = YES;
				CLANG_WARN_OBJC_ROOT_CLASS = YES_ERROR;
				CLANG_WARN_QUOTED_INCLUDE_IN_FRAMEWORK_HEADER = YES;
				CLANG_WARN_RANGE_LOOP_ANALYSIS = YES;
				CLANG_WARN_STRICT_PROTOTYPES = YES;
				CLANG_WARN_SUSPICIOUS_MOVE = YES;
				CLANG_WARN_UNGUARDED_AVAILABILITY = YES_AGGRESSIVE;
				CLANG_WARN_UNREACHABLE_CODE = YES;
				CLANG_WARN__DUPLICATE_METHOD_MATCH = YES;
				COPY_PHASE_STRIP = NO;
				DEBUG_INFORMATION_FORMAT = dwarf;
				ENABLE_STRICT_OBJC_MSGSEND = YES;
				ENABLE_TESTABILITY = YES;
				GCC_C_LANGUAGE_STANDARD = gnu11;
				GCC_DYNAMIC_NO_PIC = NO;
				GCC_NO_COMMON_BLOCKS = YES;
				GCC_OPTIMIZATION_LEVEL = 0;
				GCC_PREPROCESSOR_DEFINITIONS = (
					"DEBUG=1",
					"$(inherited)",
				);
				GCC_WARN_64_TO_32_BIT_CONVERSION = YES;
				GCC_WARN_ABOUT_RETURN_TYPE = YES_ERROR;
				GCC_WARN_UNDECLARED_SELECTOR = YES;
				GCC_WARN_UNINITIALIZED_AUTOS = YES_AGGRESSIVE;
				GCC_WARN_UNUSED_FUNCTION = YES;
				GCC_WARN_UNUSED_VARIABLE = YES;
				IPHONEOS_DEPLOYMENT_TARGET = 16.2;
				MTL_ENABLE_DEBUG_INFO = INCLUDE_SOURCE;
				MTL_FAST_MATH = YES;
				ONLY_ACTIVE_ARCH = YES;
				SDKROOT = iphoneos;
				SWIFT_ACTIVE_COMPILATION_CONDITIONS = DEBUG;
				SWIFT_OPTIMIZATION_LEVEL = "-Onone";
			};
			name = Debug;
		};
		E48BBCB529634B8000F78770 /* Release */ = {
			isa = XCBuildConfiguration;
			buildSettings = {
				ALWAYS_SEARCH_USER_PATHS = NO;
				CLANG_ANALYZER_NONNULL = YES;
				CLANG_ANALYZER_NUMBER_OBJECT_CONVERSION = YES_AGGRESSIVE;
				CLANG_CXX_LANGUAGE_STANDARD = "gnu++20";
				CLANG_ENABLE_MODULES = YES;
				CLANG_ENABLE_OBJC_ARC = YES;
				CLANG_ENABLE_OBJC_WEAK = YES;
				CLANG_WARN_BLOCK_CAPTURE_AUTORELEASING = YES;
				CLANG_WARN_BOOL_CONVERSION = YES;
				CLANG_WARN_COMMA = YES;
				CLANG_WARN_CONSTANT_CONVERSION = YES;
				CLANG_WARN_DEPRECATED_OBJC_IMPLEMENTATIONS = YES;
				CLANG_WARN_DIRECT_OBJC_ISA_USAGE = YES_ERROR;
				CLANG_WARN_DOCUMENTATION_COMMENTS = YES;
				CLANG_WARN_EMPTY_BODY = YES;
				CLANG_WARN_ENUM_CONVERSION = YES;
				CLANG_WARN_INFINITE_RECURSION = YES;
				CLANG_WARN_INT_CONVERSION = YES;
				CLANG_WARN_NON_LITERAL_NULL_CONVERSION = YES;
				CLANG_WARN_OBJC_IMPLICIT_RETAIN_SELF = YES;
				CLANG_WARN_OBJC_LITERAL_CONVERSION = YES;
				CLANG_WARN_OBJC_ROOT_CLASS = YES_ERROR;
				CLANG_WARN_QUOTED_INCLUDE_IN_FRAMEWORK_HEADER = YES;
				CLANG_WARN_RANGE_LOOP_ANALYSIS = YES;
				CLANG_WARN_STRICT_PROTOTYPES = YES;
				CLANG_WARN_SUSPICIOUS_MOVE = YES;
				CLANG_WARN_UNGUARDED_AVAILABILITY = YES_AGGRESSIVE;
				CLANG_WARN_UNREACHABLE_CODE = YES;
				CLANG_WARN__DUPLICATE_METHOD_MATCH = YES;
				COPY_PHASE_STRIP = NO;
				DEBUG_INFORMATION_FORMAT = "dwarf-with-dsym";
				ENABLE_NS_ASSERTIONS = NO;
				ENABLE_STRICT_OBJC_MSGSEND = YES;
				GCC_C_LANGUAGE_STANDARD = gnu11;
				GCC_NO_COMMON_BLOCKS = YES;
				GCC_WARN_64_TO_32_BIT_CONVERSION = YES;
				GCC_WARN_ABOUT_RETURN_TYPE = YES_ERROR;
				GCC_WARN_UNDECLARED_SELECTOR = YES;
				GCC_WARN_UNINITIALIZED_AUTOS = YES_AGGRESSIVE;
				GCC_WARN_UNUSED_FUNCTION = YES;
				GCC_WARN_UNUSED_VARIABLE = YES;
				IPHONEOS_DEPLOYMENT_TARGET = 16.2;
				MTL_ENABLE_DEBUG_INFO = NO;
				MTL_FAST_MATH = YES;
				SDKROOT = iphoneos;
				SWIFT_COMPILATION_MODE = wholemodule;
				SWIFT_OPTIMIZATION_LEVEL = "-O";
				VALIDATE_PRODUCT = YES;
			};
			name = Release;
		};
		E48BBCB729634B8000F78770 /* Debug */ = {
			isa = XCBuildConfiguration;
			buildSettings = {
				ASSETCATALOG_COMPILER_APPICON_NAME = AppIcon;
				ASSETCATALOG_COMPILER_GLOBAL_ACCENT_COLOR_NAME = AccentColor;
				CODE_SIGN_STYLE = Automatic;
				CURRENT_PROJECT_VERSION = 1;
				DEVELOPMENT_ASSET_PATHS = "\"Firebase Login/Preview Content\"";
				DEVELOPMENT_TEAM = 4P4GQMB6S7;
				ENABLE_PREVIEWS = YES;
				GENERATE_INFOPLIST_FILE = YES;
				INFOPLIST_KEY_UIApplicationSceneManifest_Generation = YES;
				INFOPLIST_KEY_UIApplicationSupportsIndirectInputEvents = YES;
				INFOPLIST_KEY_UILaunchScreen_Generation = YES;
				INFOPLIST_KEY_UISupportedInterfaceOrientations_iPad = "UIInterfaceOrientationPortrait UIInterfaceOrientationPortraitUpsideDown UIInterfaceOrientationLandscapeLeft UIInterfaceOrientationLandscapeRight";
				INFOPLIST_KEY_UISupportedInterfaceOrientations_iPhone = "UIInterfaceOrientationPortrait UIInterfaceOrientationLandscapeLeft UIInterfaceOrientationLandscapeRight";
				LD_RUNPATH_SEARCH_PATHS = (
					"$(inherited)",
					"@executable_path/Frameworks",
				);
				MARKETING_VERSION = 1.0;
				PRODUCT_BUNDLE_IDENTIFIER = "com.mjedrzejak.Firebase-Login";
				PRODUCT_NAME = "$(TARGET_NAME)";
				SWIFT_EMIT_LOC_STRINGS = YES;
				SWIFT_VERSION = 5.0;
				TARGETED_DEVICE_FAMILY = "1,2";
			};
			name = Debug;
		};
		E48BBCB829634B8000F78770 /* Release */ = {
			isa = XCBuildConfiguration;
			buildSettings = {
				ASSETCATALOG_COMPILER_APPICON_NAME = AppIcon;
				ASSETCATALOG_COMPILER_GLOBAL_ACCENT_COLOR_NAME = AccentColor;
				CODE_SIGN_STYLE = Automatic;
				CURRENT_PROJECT_VERSION = 1;
				DEVELOPMENT_ASSET_PATHS = "\"Firebase Login/Preview Content\"";
				DEVELOPMENT_TEAM = 4P4GQMB6S7;
				ENABLE_PREVIEWS = YES;
				GENERATE_INFOPLIST_FILE = YES;
				INFOPLIST_KEY_UIApplicationSceneManifest_Generation = YES;
				INFOPLIST_KEY_UIApplicationSupportsIndirectInputEvents = YES;
				INFOPLIST_KEY_UILaunchScreen_Generation = YES;
				INFOPLIST_KEY_UISupportedInterfaceOrientations_iPad = "UIInterfaceOrientationPortrait UIInterfaceOrientationPortraitUpsideDown UIInterfaceOrientationLandscapeLeft UIInterfaceOrientationLandscapeRight";
				INFOPLIST_KEY_UISupportedInterfaceOrientations_iPhone = "UIInterfaceOrientationPortrait UIInterfaceOrientationLandscapeLeft UIInterfaceOrientationLandscapeRight";
				LD_RUNPATH_SEARCH_PATHS = (
					"$(inherited)",
					"@executable_path/Frameworks",
				);
				MARKETING_VERSION = 1.0;
				PRODUCT_BUNDLE_IDENTIFIER = "com.mjedrzejak.Firebase-Login";
				PRODUCT_NAME = "$(TARGET_NAME)";
				SWIFT_EMIT_LOC_STRINGS = YES;
				SWIFT_VERSION = 5.0;
				TARGETED_DEVICE_FAMILY = "1,2";
			};
			name = Release;
		};
/* End XCBuildConfiguration section */

/* Begin XCConfigurationList section */
		E48BBCA329634B7D00F78770 /* Build configuration list for PBXProject "Firebase Login" */ = {
			isa = XCConfigurationList;
			buildConfigurations = (
				E48BBCB429634B8000F78770 /* Debug */,
				E48BBCB529634B8000F78770 /* Release */,
			);
			defaultConfigurationIsVisible = 0;
			defaultConfigurationName = Release;
		};
		E48BBCB629634B8000F78770 /* Build configuration list for PBXNativeTarget "Firebase Login" */ = {
			isa = XCConfigurationList;
			buildConfigurations = (
				E48BBCB729634B8000F78770 /* Debug */,
				E48BBCB829634B8000F78770 /* Release */,
			);
			defaultConfigurationIsVisible = 0;
			defaultConfigurationName = Release;
		};
/* End XCConfigurationList section */

/* Begin XCRemoteSwiftPackageReference section */
		E462CF2A297700DA00444212 /* XCRemoteSwiftPackageReference "firebase-ios-sdk" */ = {
			isa = XCRemoteSwiftPackageReference;
			repositoryURL = "https://github.com/firebase/firebase-ios-sdk.git";
			requirement = {
				kind = upToNextMajorVersion;
				minimumVersion = 9.0.0;
			};
		};
/* End XCRemoteSwiftPackageReference section */

/* Begin XCSwiftPackageProductDependency section */
		E462CF2B297700DA00444212 /* FirebaseAnalytics */ = {
			isa = XCSwiftPackageProductDependency;
			package = E462CF2A297700DA00444212 /* XCRemoteSwiftPackageReference "firebase-ios-sdk" */;
			productName = FirebaseAnalytics;
		};
		E462CF2D297700DA00444212 /* FirebaseAuth */ = {
			isa = XCSwiftPackageProductDependency;
			package = E462CF2A297700DA00444212 /* XCRemoteSwiftPackageReference "firebase-ios-sdk" */;
			productName = FirebaseAuth;
		};
		E462CF2F297700DA00444212 /* FirebaseFirestore */ = {
			isa = XCSwiftPackageProductDependency;
			package = E462CF2A297700DA00444212 /* XCRemoteSwiftPackageReference "firebase-ios-sdk" */;
			productName = FirebaseFirestore;
		};
/* End XCSwiftPackageProductDependency section */
	};
	rootObject = E48BBCA029634B7D00F78770 /* Project object */;
}
